{
  "name": "package-with-snyk-dep",
  "version": "1.0.0",
  "lockfileVersion": 2,
  "requires": true,
  "packages": {
    "": {
      "name": "package-with-snyk-dep",
      "version": "1.0.0",
      "dependencies": {
        "semver": "^3.0.0",
        "snyk": "^1.650.0"
      }
    },
    "node_modules/semver": {
      "version": "3.0.1",
      "resolved": "https://registry.npmjs.org/semver/-/semver-3.0.1.tgz",
      "integrity": "sha1-cgrAElFaJS+R+w3S6ZpWpw1s8Hg=",
      "bin": {
        "semver": "bin/semver"
      }
    },
    "node_modules/snyk": {
      "version": "1.695.0",
      "resolved": "https://registry.npmjs.org/snyk/-/snyk-1.695.0.tgz",
      "integrity": "sha512-Jzt6W21zuka7ZiGZf+XdOHsnTY702uU58NP1dBqAsyGqO2U7lVOVBvKjVQC9EURZPLALHI99dvFiVlTduelbDw==",
      "bin": {
        "snyk": "bin/snyk"
      },
      "engines": {
        "node": ">=10"
      }
    }
  },
  "dependencies": {
    "semver": {
      "version": "3.0.1",
      "resolved": "https://registry.npmjs.org/semver/-/semver-3.0.1.tgz",
      "integrity": "sha1-cgrAElFaJS+R+w3S6ZpWpw1s8Hg="
    },
    "snyk": {
      "version": "1.695.0",
      "resolved": "https://registry.npmjs.org/snyk/-/snyk-1.695.0.tgz",
      "integrity": "sha512-Jzt6W21zuka7ZiGZf+XdOHsnTY702uU58NP1dBqAsyGqO2U7lVOVBvKjVQC9EURZPLALHI99dvFiVlTduelbDw=="
    }
  }
}
