# THIS IS AN AUTOGENERATED FILE. DO NOT EDIT THIS FILE DIRECTLY.
# yarn lockfile v1


semver@^3.0.0:
  version "3.0.1"
  resolved "https://registry.yarnpkg.com/semver/-/semver-3.0.1.tgz#720ac012515a252f91fb0dd2e99a56a70d6cf078"
  integrity sha1-cgrAElFaJS+R+w3S6ZpWpw1s8Hg=

snyk@^1.650.0:
  version "1.695.0"
  resolved "https://registry.yarnpkg.com/snyk/-/snyk-1.695.0.tgz#9d20eb49806581344f1c4a477eac72083e0e9f57"
  integrity sha512-Jzt6W21zuka7ZiGZf+XdOHsnTY702uU58NP1dBqAsyGqO2U7lVOVBvKjVQC9EURZPLALHI99dvFiVlTduelbDw==
