# THIS IS AN AUTOGENERATED FILE. DO NOT EDIT THIS FILE DIRECTLY.
# yarn lockfile v1


"@snyk/patchable-dep-fixture@^1.0.0":
  version "1.0.0"
  resolved "https://registry.yarnpkg.com/@snyk/patchable-dep-fixture/-/patchable-dep-fixture-1.0.0.tgz#328056cbebecb3d8030c060a19a897dc44b12947"
  integrity sha512-PvvhZ9U+OkjDxFG5X6AOU6yCG2C4z4BAgJRWS/kNEodxmFrSYLHciRa03XNqazc2LKCDDhq1/YfD6CpcykiSbg==
  dependencies:
    lodash "4.17.15"

lodash@4.17.15:
  version "4.17.15"
  resolved "https://registry.yarnpkg.com/lodash/-/lodash-4.17.15.tgz#b447f6670a0455bbfeedd11392eff330ea097548"
  integrity sha512-8xOcRHvCjnocdS5cpwXQXVzmmh5e5+saE2QGoeQmbKmRS6J3VQppPOIt0MnmE+4xlZoumy0GPG0D0MVIQbNA1A==

snyk@^1.650.0:
  version "1.696.0"
  resolved "https://registry.yarnpkg.com/snyk/-/snyk-1.696.0.tgz#096998efd8be757a6093ac354ccc1628db2c4373"
  integrity sha512-0ZTIc2RAfh6dD+KCegJe65AIzEpm6RBIvbPcnQXmGe/lf1GsmwxWO8GALvWnAmDPNHIBSdjq+a6ijF5VoxdKAA==
