{
  "name": "@snyk/project-with-patchable-dep-fixture",
  "version": "1.0.0",
  "lockfileVersion": 1,
  "requires": true,
  "dependencies": {
    "@snyk/patchable-dep-fixture": {
      "version": "1.0.0",
      "resolved": "https://registry.npmjs.org/@snyk/patchable-dep-fixture/-/patchable-dep-fixture-1.0.0.tgz",
      "integrity": "sha512-PvvhZ9U+OkjDxFG5X6AOU6yCG2C4z4BAgJRWS/kNEodxmFrSYLHciRa03XNqazc2LKCDDhq1/YfD6CpcykiSbg==",
      "requires": {
        "lodash": "4.17.15"
      }
    },
    "lodash": {
      "version": "4.17.15",
      "resolved": "https://registry.npmjs.org/lodash/-/lodash-4.17.15.tgz",
      "integrity": "sha512-8xOcRHvCjnocdS5cpwXQXVzmmh5e5+saE2QGoeQmbKmRS6J3VQppPOIt0MnmE+4xlZoumy0GPG0D0MVIQbNA1A=="
    },
    "snyk": {
      "version": "1.696.0",
      "resolved": "https://registry.npmjs.org/snyk/-/snyk-1.696.0.tgz",
      "integrity": "sha512-0ZTIc2RAfh6dD+KCegJe65AIzEpm6RBIvbPcnQXmGe/lf1GsmwxWO8GALvWnAmDPNHIBSdjq+a6ijF5VoxdKAA=="
    }
  }
}
